
Microsoft Visual Studio Solution File, Format Version 12.00
# Visual Studio Version 16
VisualStudioVersion = 16.0.30717.126
MinimumVisualStudioVersion = 10.0.40219.1
Project("{FAE04EC0-301F-11D3-BF4B-00C04F79EFBC}") = "EuclideanBase", "EuclideanBase\EuclideanBase.csproj", "{B7A35DAF-0646-4982-AF9A-DB570025D5F7}"
EndProject
Global
	GlobalSection(SolutionConfigurationPlatforms) = preSolution
		Debug|Any CPU = Debug|Any CPU
		Release|Any CPU = Release|Any CPU
	EndGlobalSection
	GlobalSection(ProjectConfigurationPlatforms) = postSolution
		{B7A35DAF-0646-4982-AF9A-DB570025D5F7}.Debug|Any CPU.ActiveCfg = Debug|Any CPU
		{B7A35DAF-0646-4982-AF9A-DB570025D5F7}.Debug|Any CPU.Build.0 = Debug|Any CPU
		{B7A35DAF-0646-4982-AF9A-DB570025D5F7}.Release|Any CPU.ActiveCfg = Release|Any CPU
		{B7A35DAF-0646-4982-AF9A-DB570025D5F7}.Release|Any CPU.Build.0 = Release|Any CPU
	EndGlobalSection
	GlobalSection(SolutionProperties) = preSolution
		HideSolutionNode = FALSE
	EndGlobalSection
	GlobalSection(ExtensibilityGlobals) = postSolution
		SolutionGuid = {48C61267-4DA0-47CE-8854-0D27EAA71E60}
	EndGlobalSection
EndGlobal
